GEM
  remote: https://rubygems.org/
  specs:
    base64 (0.3.0)
    bcrypt (3.1.22)
    bigdecimal (4.1.2)
    bson (5.2.0)
    cloudinary (2.4.4)
      faraday (>= 2.0.1, < 3.0.0)
      faraday-follow_redirects (~> 0.5)
      faraday-multipart (~> 1.0, >= 1.0.4)
      ostruct
    date (3.5.1)
    dotenv (3.2.0)
    drb (2.2.3)
    eks-cent (4.0.0)
      base64 (~> 0.2)
      eksa-server (~> 1.1)
    eksa-mination (2.0.0)
    eksa-server (1.1.1)
      logger (~> 1.6)
      nio4r (~> 2.0)
      rack (~> 3.0)
      rackup (~> 2.0)
    faraday (2.14.1)
      faraday-net_http (>= 2.0, < 3.5)
      json
      logger
    faraday-follow_redirects (0.5.0)
      faraday (>= 1, < 3)
    faraday-multipart (1.2.0)
      multipart-post (~> 2.0)
    faraday-net_http (3.4.2)
      net-http (~> 0.5)
    json (2.19.4)
    kramdown (2.5.2)
      rexml (>= 3.4.4)
    kramdown-parser-gfm (1.1.0)
      kramdown (~> 2.0)
    logger (1.7.0)
    mail (2.9.0)
      logger
      mini_mime (>= 0.1.1)
      net-imap
      net-pop
      net-smtp
    mini_mime (1.1.5)
    minitest (6.0.6)
      drb (~> 2.0)
      prism (~> 1.5)
    mongo (2.23.0)
      base64
      bson (>= 4.14.1, < 6.0.0)
    multipart-post (2.4.1)
    mysql2 (0.5.7)
      bigdecimal
    net-http (0.9.1)
      uri (>= 0.11.1)
    net-imap (0.6.4)
      date
      net-protocol
    net-pop (0.1.2)
      net-protocol
    net-protocol (0.2.2)
      timeout
    net-smtp (0.5.1)
      net-protocol
    nio4r (2.7.5)
    ostruct (0.6.3)
    pg (1.6.3)
    pg (1.6.3-aarch64-linux)
    pg (1.6.3-aarch64-linux-musl)
    pg (1.6.3-arm64-darwin)
    pg (1.6.3-x86_64-darwin)
    pg (1.6.3-x86_64-linux)
    pg (1.6.3-x86_64-linux-musl)
    prism (1.9.0)
    rack (3.2.6)
    rack-test (2.2.0)
      rack (>= 1.3)
    rackup (2.3.1)
      rack (>= 3)
    rexml (3.4.4)
    sequel (5.103.0)
      bigdecimal
    sqlite3 (2.9.3-aarch64-linux-gnu)
    sqlite3 (2.9.3-aarch64-linux-musl)
    sqlite3 (2.9.3-arm-linux-gnu)
    sqlite3 (2.9.3-arm-linux-musl)
    sqlite3 (2.9.3-arm64-darwin)
    sqlite3 (2.9.3-x86-linux-gnu)
    sqlite3 (2.9.3-x86-linux-musl)
    sqlite3 (2.9.3-x86_64-darwin)
    sqlite3 (2.9.3-x86_64-linux-gnu)
    sqlite3 (2.9.3-x86_64-linux-musl)
    timeout (0.6.1)
    uri (1.1.1)

PLATFORMS
  aarch64-linux-gnu
  aarch64-linux-musl
  arm-linux-gnu
  arm-linux-musl
  arm64-darwin
  x86-linux-gnu
  x86-linux-musl
  x86_64-darwin
  x86_64-linux-gnu
  x86_64-linux-musl

DEPENDENCIES
  bcrypt
  cloudinary
  dotenv
  eks-cent (= 4.0.0)
  eksa-mination
  eksa-server
  json
  kramdown
  kramdown-parser-gfm
  mail
  minitest
  mongo
  mysql2
  pg
  rack-test
  sequel
  sqlite3

CHECKSUMS
  base64 (0.3.0) sha256=27337aeabad6ffae05c265c450490628ef3ebd4b67be58257393227588f5a97b
  bcrypt (3.1.22) sha256=1f0072e88c2d705d94aff7f2c5cb02eb3f1ec4b8368671e19112527489f29032
  bigdecimal (4.1.2) sha256=53d217666027eab4280346fba98e7d5b66baaae1b9c3c1c0ffe89d48188a3fbd
  bson (5.2.0) sha256=c468c1e8a3cfa1e80531cc519a890f85586986721d8e305f83465cc36bb82608
  cloudinary (2.4.4) sha256=a458a837e9ddb69b12f009496c09557f16db4244466530e02136541408d85efc
  date (3.5.1) sha256=750d06384d7b9c15d562c76291407d89e368dda4d4fff957eb94962d325a0dc0
  dotenv (3.2.0) sha256=e375b83121ea7ca4ce20f214740076129ab8514cd81378161f11c03853fe619d
  drb (2.2.3) sha256=0b00d6fdb50995fe4a45dea13663493c841112e4068656854646f418fda13373
  eks-cent (4.0.0) sha256=469631f22744627b0ce7fe4addcf596c60a618cfb2e83f5aa84ddfce0a1e7fde
  eksa-mination (2.0.0) sha256=9d2717d24e8b19c7f7a1e2fdbf98d258cda6281309e3dacaac9bb4b0a9e7f750
  eksa-server (1.1.1) sha256=bb7889601ae16e332ade1fa8deb3484558df798d125b4f998ae16280b51ada05
  faraday (2.14.1) sha256=a43cceedc1e39d188f4d2cdd360a8aaa6a11da0c407052e426ba8d3fb42ef61c
  faraday-follow_redirects (0.5.0) sha256=5cde93c894b30943a5d2b93c2fe9284216a6b756f7af406a1e55f211d97d10ad
  faraday-multipart (1.2.0) sha256=7d89a949693714176f612323ca13746a2ded204031a6ba528adee788694ef757
  faraday-net_http (3.4.2) sha256=f147758260d3526939bf57ecf911682f94926a3666502e24c69992765875906c
  json (2.19.4) sha256=670a7d333fb3b18ca5b29cb255eb7bef099e40d88c02c80bd42a3f30fe5239ac
  kramdown (2.5.2) sha256=1ba542204c66b6f9111ff00dcc26075b95b220b07f2905d8261740c82f7f02fa
  kramdown-parser-gfm (1.1.0) sha256=fb39745516427d2988543bf01fc4cf0ab1149476382393e0e9c48592f6581729
  logger (1.7.0) sha256=196edec7cc44b66cfb40f9755ce11b392f21f7967696af15d274dde7edff0203
  mail (2.9.0) sha256=6fa6673ecd71c60c2d996260f9ee3dd387d4673b8169b502134659ece6d34941
  mini_mime (1.1.5) sha256=8681b7e2e4215f2a159f9400b5816d85e9d8c6c6b491e96a12797e798f8bccef
  minitest (6.0.6) sha256=153ea36d1d987a62942382b61075745042a2b3123b1cd48f4c3675af9cc7d6f1
  mongo (2.23.0) sha256=be2fe4cc6f7119fa6b79e82a1963b2406856b4dc92d0ccfb74db543897be3109
  multipart-post (2.4.1) sha256=9872d03a8e552020ca096adadbf5e3cb1cd1cdd6acd3c161136b8a5737cdb4a8
  mysql2 (0.5.7) sha256=ba09ede515a0ae8a7192040a1b778c0fb0f025fa5877e9be895cd325fa5e9d7b
  net-http (0.9.1) sha256=25ba0b67c63e89df626ed8fac771d0ad24ad151a858af2cc8e6a716ca4336996
  net-imap (0.6.4) sha256=9a5598c67a3022c284d98430ef1d4948e7dbdb62596f61081ea8ca933270a02b
  net-pop (0.1.2) sha256=848b4e982013c15b2f0382792268763b748cce91c9e91e36b0f27ed26420dff3
  net-protocol (0.2.2) sha256=aa73e0cba6a125369de9837b8d8ef82a61849360eba0521900e2c3713aa162a8
  net-smtp (0.5.1) sha256=ed96a0af63c524fceb4b29b0d352195c30d82dd916a42f03c62a3a70e5b70736
  nio4r (2.7.5) sha256=6c90168e48fb5f8e768419c93abb94ba2b892a1d0602cb06eef16d8b7df1dca1
  ostruct (0.6.3) sha256=95a2ed4a4bd1d190784e666b47b2d3f078e4a9efda2fccf18f84ddc6538ed912
  pg (1.6.3) sha256=1388d0563e13d2758c1089e35e973a3249e955c659592d10e5b77c468f628a99
  pg (1.6.3-aarch64-linux) sha256=0698ad563e02383c27510b76bf7d4cd2de19cd1d16a5013f375dd473e4be72ea
  pg (1.6.3-aarch64-linux-musl) sha256=06a75f4ea04b05140146f2a10550b8e0d9f006a79cdaf8b5b130cde40e3ecc2c
  pg (1.6.3-arm64-darwin) sha256=7240330b572e6355d7c75a7de535edb5dfcbd6295d9c7777df4d9dddfb8c0e5f
  pg (1.6.3-x86_64-darwin) sha256=ee2e04a17c0627225054ffeb43e31a95be9d7e93abda2737ea3ce4a62f2729d6
  pg (1.6.3-x86_64-linux) sha256=5d9e188c8f7a0295d162b7b88a768d8452a899977d44f3274d1946d67920ae8d
  pg (1.6.3-x86_64-linux-musl) sha256=9c9c90d98c72f78eb04c0f55e9618fe55d1512128e411035fe229ff427864009
  prism (1.9.0) sha256=7b530c6a9f92c24300014919c9dcbc055bf4cdf51ec30aed099b06cd6674ef85
  rack (3.2.6) sha256=5ed78e1f73b2e25679bec7d45ee2d4483cc4146eb1be0264fc4d94cb5ef212c2
  rack-test (2.2.0) sha256=005a36692c306ac0b4a9350355ee080fd09ddef1148a5f8b2ac636c720f5c463
  rackup (2.3.1) sha256=6c79c26753778e90983761d677a48937ee3192b3ffef6bc963c0950f94688868
  rexml (3.4.4) sha256=19e0a2c3425dfbf2d4fc1189747bdb2f849b6c5e74180401b15734bc97b5d142
  sequel (5.103.0) sha256=51bf23374cc585724fc51a2ae8b95283422c97ca4585ce28f3db27a26ce55a69
  sqlite3 (2.9.3-aarch64-linux-gnu) sha256=ca6dd1cf6c037ccc8d3e5837190cc61ef15466092014951235641b5c4c8ab4ee
  sqlite3 (2.9.3-aarch64-linux-musl) sha256=ff017a36c463d02e9f0be7a6224521371128024e6a05ed16994afa5c037afbba
  sqlite3 (2.9.3-arm-linux-gnu) sha256=fd8b74337a66bdaf746b97d65e6c9a2faff803c8f72d6b107fb880972815d072
  sqlite3 (2.9.3-arm-linux-musl) sha256=792ae9a786bb37dbdc4c443c527bc91df423aac10e472f76d5cf5a9ac6d51980
  sqlite3 (2.9.3-arm64-darwin) sha256=76b265d3d57362d3e38338f24f50a0c9cd47a4599c9cfbb578fac125d2299906
  sqlite3 (2.9.3-x86-linux-gnu) sha256=ceb2417f01563a2800836fbbc6d59aa0ca591882c99f6c50fdc0c8090da7a03b
  sqlite3 (2.9.3-x86-linux-musl) sha256=1688e37da36a4513a1a1d6e9abb643f68723599abbe564cb1a1bf496c9ae8dca
  sqlite3 (2.9.3-x86_64-darwin) sha256=087e7cc4efc73d83e76354f028c4d1dc14552a05acc74f60e77a55f1bee6ef22
  sqlite3 (2.9.3-x86_64-linux-gnu) sha256=85200a10c6cf5c60085fcca411a3168c5fba8fda3e2b1b0109ec277d7c226d46
  sqlite3 (2.9.3-x86_64-linux-musl) sha256=b6d0437046d9180335dea1aa0592802e65c4f7b57409d63f14408211bf28536b
  timeout (0.6.1) sha256=78f57368a7e7bbadec56971f78a3f5ecbcfb59b7fcbb0a3ed6ddc08a5094accb
  uri (1.1.1) sha256=379fa58d27ffb1387eaada68c749d1426738bd0f654d812fcc07e7568f5c57c6

BUNDLED WITH
  4.0.4
